
Microsoft Visual Studio Solution File, Format Version 12.00
# Visual Studio Version 16
VisualStudioVersion = 16.0.32413.511
MinimumVisualStudioVersion = 10.0.40219.1
Project("{FAE04EC0-301F-11D3-BF4B-00C04F79EFBC}") = "course_project", "course_project.csproj", "{C8296D5C-98D5-4D3A-AF32-965B8337C8DC}"
EndProject
Global
	GlobalSection(SolutionConfigurationPlatforms) = preSolution
		Debug|Any CPU = Debug|Any CPU
		Release|Any CPU = Release|Any CPU
	EndGlobalSection
	GlobalSection(ProjectConfigurationPlatforms) = postSolution
		{C8296D5C-98D5-4D3A-AF32-965B8337C8DC}.Debug|Any CPU.ActiveCfg = Debug|Any CPU
		{C8296D5C-98D5-4D3A-AF32-965B8337C8DC}.Debug|Any CPU.Build.0 = Debug|Any CPU
		{C8296D5C-98D5-4D3A-AF32-965B8337C8DC}.Release|Any CPU.ActiveCfg = Release|Any CPU
		{C8296D5C-98D5-4D3A-AF32-965B8337C8DC}.Release|Any CPU.Build.0 = Release|Any CPU
	EndGlobalSection
	GlobalSection(SolutionProperties) = preSolution
		HideSolutionNode = FALSE
	EndGlobalSection
	GlobalSection(ExtensibilityGlobals) = postSolution
		SolutionGuid = {440D508F-8F39-462C-8CCC-9731A41DDEBB}
	EndGlobalSection
EndGlobal
